
Microsoft Visual Studio Solution File, Format Version 12.00
# Visual Studio Version 17
VisualStudioVersion = 17.2.32526.322
MinimumVisualStudioVersion = 10.0.40219.1
Project("{9A19103F-16F7-4668-BE54-9A1E7A4F7556}") = "WebDavServer.WebApi", "WebDavServer.WebApi\WebDavServer.WebApi.csproj", "{3297CFD5-C9CC-4200-8D12-53410052C58C}"
EndProject
Project("{9A19103F-16F7-4668-BE54-9A1E7A4F7556}") = "WebDavServer.Infrastructure", "WebDavServer.Infrastructure\WebDavServer.Infrastructure.csproj", "{329318B3-9948-4D13-8F37-60113C20FD85}"
EndProject
Project("{9A19103F-16F7-4668-BE54-9A1E7A4F7556}") = "WebDavServer.Infrastructure.WebDav", "WebDavServer.Infrastructure.WebDav\WebDavServer.Infrastructure.WebDav.csproj", "{CE41CB77-DCA4-4552-A66C-3E909B6DC053}"
EndProject
Project("{9A19103F-16F7-4668-BE54-9A1E7A4F7556}") = "WebDavServer.Infrastructure.FileStorage", "WebDavServer.Infrastructure.FileStorage\WebDavServer.Infrastructure.FileStorage.csproj", "{6A31B7CD-DAE9-40D2-A737-19AEBAC84FF2}"
EndProject
Project("{9A19103F-16F7-4668-BE54-9A1E7A4F7556}") = "WebDavServer.Infrastructure.Cache", "WebDavServer.Infrastructure.Cache\WebDavServer.Infrastructure.Cache.csproj", "{1C84D528-0634-4BE1-BEE3-658338EF18A5}"
EndProject
Project("{9A19103F-16F7-4668-BE54-9A1E7A4F7556}") = "WebDavServer.Application", "WebDavServer.Application\WebDavServer.Application.csproj", "{F6B27FDF-0904-41F6-9A31-E423AD058F67}"
EndProject
Project("{9A19103F-16F7-4668-BE54-9A1E7A4F7556}") = "WebDavServer.EF", "WebDavServer.EF\WebDavServer.EF.csproj", "{DFD63B28-A109-469F-BEEB-5DDB3DF9D2B3}"
EndProject
Project("{9A19103F-16F7-4668-BE54-9A1E7A4F7556}") = "WebDavServer.EF.Postgres.FileStorage", "WebDavServer.EF.Postgres.FileStorage\WebDavServer.EF.Postgres.FileStorage.csproj", "{0941C3E7-6727-4D16-BDEF-9397A4B52200}"
EndProject
Project("{2150E333-8FDC-42A3-9474-1A3956D46DE8}") = "tests", "tests", "{5BE37A20-EE0A-4727-BE2E-67F38E8AB50A}"
EndProject
Project("{9A19103F-16F7-4668-BE54-9A1E7A4F7556}") = "WebDavServer.Infrastructure.FileStorage.Tests", "tests\WebDavServer.Infrastructure.FileStorage.Tests\WebDavServer.Infrastructure.FileStorage.Tests.csproj", "{BA869528-2611-45B1-A9AE-8DB7B6DECB48}"
EndProject
Project("{9A19103F-16F7-4668-BE54-9A1E7A4F7556}") = "WebDavService.Mock", "tests\WebDavService.Mock\WebDavService.Mock.csproj", "{CB7E5D14-1011-41B5-9CCF-F8D5765CB287}"
EndProject
Global
	GlobalSection(SolutionConfigurationPlatforms) = preSolution
		Debug|Any CPU = Debug|Any CPU
		Release|Any CPU = Release|Any CPU
	EndGlobalSection
	GlobalSection(ProjectConfigurationPlatforms) = postSolution
		{3297CFD5-C9CC-4200-8D12-53410052C58C}.Debug|Any CPU.ActiveCfg = Debug|Any CPU
		{3297CFD5-C9CC-4200-8D12-53410052C58C}.Debug|Any CPU.Build.0 = Debug|Any CPU
		{3297CFD5-C9CC-4200-8D12-53410052C58C}.Release|Any CPU.ActiveCfg = Release|Any CPU
		{3297CFD5-C9CC-4200-8D12-53410052C58C}.Release|Any CPU.Build.0 = Release|Any CPU
		{329318B3-9948-4D13-8F37-60113C20FD85}.Debug|Any CPU.ActiveCfg = Debug|Any CPU
		{329318B3-9948-4D13-8F37-60113C20FD85}.Debug|Any CPU.Build.0 = Debug|Any CPU
		{329318B3-9948-4D13-8F37-60113C20FD85}.Release|Any CPU.ActiveCfg = Release|Any CPU
		{329318B3-9948-4D13-8F37-60113C20FD85}.Release|Any CPU.Build.0 = Release|Any CPU
		{CE41CB77-DCA4-4552-A66C-3E909B6DC053}.Debug|Any CPU.ActiveCfg = Debug|Any CPU
		{CE41CB77-DCA4-4552-A66C-3E909B6DC053}.Debug|Any CPU.Build.0 = Debug|Any CPU
		{CE41CB77-DCA4-4552-A66C-3E909B6DC053}.Release|Any CPU.ActiveCfg = Release|Any CPU
		{CE41CB77-DCA4-4552-A66C-3E909B6DC053}.Release|Any CPU.Build.0 = Release|Any CPU
		{6A31B7CD-DAE9-40D2-A737-19AEBAC84FF2}.Debug|Any CPU.ActiveCfg = Debug|Any CPU
		{6A31B7CD-DAE9-40D2-A737-19AEBAC84FF2}.Debug|Any CPU.Build.0 = Debug|Any CPU
		{6A31B7CD-DAE9-40D2-A737-19AEBAC84FF2}.Release|Any CPU.ActiveCfg = Release|Any CPU
		{6A31B7CD-DAE9-40D2-A737-19AEBAC84FF2}.Release|Any CPU.Build.0 = Release|Any CPU
		{1C84D528-0634-4BE1-BEE3-658338EF18A5}.Debug|Any CPU.ActiveCfg = Debug|Any CPU
		{1C84D528-0634-4BE1-BEE3-658338EF18A5}.Debug|Any CPU.Build.0 = Debug|Any CPU
		{1C84D528-0634-4BE1-BEE3-658338EF18A5}.Release|Any CPU.ActiveCfg = Release|Any CPU
		{1C84D528-0634-4BE1-BEE3-658338EF18A5}.Release|Any CPU.Build.0 = Release|Any CPU
		{F6B27FDF-0904-41F6-9A31-E423AD058F67}.Debug|Any CPU.ActiveCfg = Debug|Any CPU
		{F6B27FDF-0904-41F6-9A31-E423AD058F67}.Debug|Any CPU.Build.0 = Debug|Any CPU
		{F6B27FDF-0904-41F6-9A31-E423AD058F67}.Release|Any CPU.ActiveCfg = Release|Any CPU
		{F6B27FDF-0904-41F6-9A31-E423AD058F67}.Release|Any CPU.Build.0 = Release|Any CPU
		{DFD63B28-A109-469F-BEEB-5DDB3DF9D2B3}.Debug|Any CPU.ActiveCfg = Debug|Any CPU
		{DFD63B28-A109-469F-BEEB-5DDB3DF9D2B3}.Debug|Any CPU.Build.0 = Debug|Any CPU
		{DFD63B28-A109-469F-BEEB-5DDB3DF9D2B3}.Release|Any CPU.ActiveCfg = Release|Any CPU
		{DFD63B28-A109-469F-BEEB-5DDB3DF9D2B3}.Release|Any CPU.Build.0 = Release|Any CPU
		{0941C3E7-6727-4D16-BDEF-9397A4B52200}.Debug|Any CPU.ActiveCfg = Debug|Any CPU
		{0941C3E7-6727-4D16-BDEF-9397A4B52200}.Debug|Any CPU.Build.0 = Debug|Any CPU
		{0941C3E7-6727-4D16-BDEF-9397A4B52200}.Release|Any CPU.ActiveCfg = Release|Any CPU
		{0941C3E7-6727-4D16-BDEF-9397A4B52200}.Release|Any CPU.Build.0 = Release|Any CPU
		{BA869528-2611-45B1-A9AE-8DB7B6DECB48}.Debug|Any CPU.ActiveCfg = Debug|Any CPU
		{BA869528-2611-45B1-A9AE-8DB7B6DECB48}.Debug|Any CPU.Build.0 = Debug|Any CPU
		{BA869528-2611-45B1-A9AE-8DB7B6DECB48}.Release|Any CPU.ActiveCfg = Release|Any CPU
		{BA869528-2611-45B1-A9AE-8DB7B6DECB48}.Release|Any CPU.Build.0 = Release|Any CPU
		{CB7E5D14-1011-41B5-9CCF-F8D5765CB287}.Debug|Any CPU.ActiveCfg = Debug|Any CPU
		{CB7E5D14-1011-41B5-9CCF-F8D5765CB287}.Debug|Any CPU.Build.0 = Debug|Any CPU
		{CB7E5D14-1011-41B5-9CCF-F8D5765CB287}.Release|Any CPU.ActiveCfg = Release|Any CPU
		{CB7E5D14-1011-41B5-9CCF-F8D5765CB287}.Release|Any CPU.Build.0 = Release|Any CPU
	EndGlobalSection
	GlobalSection(SolutionProperties) = preSolution
		HideSolutionNode = FALSE
	EndGlobalSection
	GlobalSection(NestedProjects) = preSolution
		{BA869528-2611-45B1-A9AE-8DB7B6DECB48} = {5BE37A20-EE0A-4727-BE2E-67F38E8AB50A}
		{CB7E5D14-1011-41B5-9CCF-F8D5765CB287} = {5BE37A20-EE0A-4727-BE2E-67F38E8AB50A}
	EndGlobalSection
	GlobalSection(ExtensibilityGlobals) = postSolution
		SolutionGuid = {31D0E7D8-E369-4F87-8835-04FDF62C6AC9}
	EndGlobalSection
EndGlobal
